{
  "name": "p-shadow-grid-add",
  "version": "1.0.5",
  "lockfileVersion": 1,
  "requires": true,
  "dependencies": {
    "p-shadow-grid": {
      "version": "1.0.5",
      "resolved": "https://registry.npmjs.org/p-shadow-grid/-/p-shadow-grid-1.0.5.tgz",
      "integrity": "sha512-jtZ6cPPUSQbh7qyv0bChwkInKm5iGVcXI0OswEw1aPhm5J+LDNSSQ2ObBCvAU+Os5dNoXyzmuZbwxPkgdeimeg=="
    }
  }
}
